<?xml version="1.0" encoding="utf-8"?>
<Project ToolsVersion="4.0" xmlns="http://schemas.microsoft.com/developer/msbuild/2003">
  <ItemGroup>
    <Filter Include="소스 파일">
      <UniqueIdentifier>{4FC737F1-C7A5-4376-A066-2A32D752A2FF}</UniqueIdentifier>
      <Extensions>cpp;c;cc;cxx;c++;cppm;ixx;def;odl;idl;hpj;bat;asm;asmx</Extensions>
    </Filter>
    <Filter Include="헤더 파일">
      <UniqueIdentifier>{93995380-89BD-4b04-88EB-625FBE52EBFB}</UniqueIdentifier>
      <Extensions>h;hh;hpp;hxx;h++;hm;inl;inc;ipp;xsd</Extensions>
    </Filter>
    <Filter Include="리소스 파일">
      <UniqueIdentifier>{67DA6AB6-F800-4c08-8B7A-83BB121AAD01}</UniqueIdentifier>
      <Extensions>rc;ico;cur;bmp;dlg;rc2;rct;bin;rgs;gif;jpg;jpeg;jpe;resx;tiff;tif;png;wav;mfcribbon-ms</Extensions>
    </Filter>
    <Filter Include="KGA">
      <UniqueIdentifier>{f73063bc-dd31-4993-ad56-a636b4974363}</UniqueIdentifier>
    </Filter>
    <Filter Include="MY">
      <UniqueIdentifier>{d33d1cd7-7b05-45cc-a604-bae660d1e1ec}</UniqueIdentifier>
    </Filter>
    <Filter Include="KGA\Vector">
      <UniqueIdentifier>{ae54a1c2-83fb-48f6-ad64-9cf992457a9c}</UniqueIdentifier>
    </Filter>
    <Filter Include="KGA\DoubleLinkedList">
      <UniqueIdentifier>{37e31660-7cbb-4576-99c0-2660c18c2816}</UniqueIdentifier>
    </Filter>
    <Filter Include="KGA\Set">
      <UniqueIdentifier>{ff9f2f62-ffb5-451e-9d93-4d657185ddd8}</UniqueIdentifier>
    </Filter>
  </ItemGroup>
  <ItemGroup>
    <ClCompile Include="MySTL.cpp">
      <Filter>소스 파일</Filter>
    </ClCompile>
    <ClCompile Include="KGA_MyVector.cpp">
      <Filter>KGA\Vector</Filter>
    </ClCompile>
    <ClCompile Include="DoubleLinkedList.cpp">
      <Filter>KGA\DoubleLinkedList</Filter>
    </ClCompile>
  </ItemGroup>
  <ItemGroup>
    <ClInclude Include="KGA_MyVector.h">
      <Filter>KGA\Vector</Filter>
    </ClInclude>
    <ClInclude Include="DoubleLinkedList.h">
      <Filter>KGA\DoubleLinkedList</Filter>
    </ClInclude>
    <ClInclude Include="Set.h">
      <Filter>KGA\Set</Filter>
    </ClInclude>
  </ItemGroup>
</Project>